
Microsoft Visual Studio Solution File, Format Version 12.00
# Visual Studio Version 16
VisualStudioVersion = 16.0.32002.261
MinimumVisualStudioVersion = 10.0.40219.1
Project("{9A19103F-16F7-4668-BE54-9A1E7A4F7556}") = "Terminal_TODO", "Terminal_TODO.csproj", "{331CF359-7225-4BC6-B796-9FFE26F8779A}"
EndProject
Global
	GlobalSection(SolutionConfigurationPlatforms) = preSolution
		Debug|Any CPU = Debug|Any CPU
		Release|Any CPU = Release|Any CPU
	EndGlobalSection
	GlobalSection(ProjectConfigurationPlatforms) = postSolution
		{331CF359-7225-4BC6-B796-9FFE26F8779A}.Debug|Any CPU.ActiveCfg = Debug|Any CPU
		{331CF359-7225-4BC6-B796-9FFE26F8779A}.Debug|Any CPU.Build.0 = Debug|Any CPU
		{331CF359-7225-4BC6-B796-9FFE26F8779A}.Release|Any CPU.ActiveCfg = Release|Any CPU
		{331CF359-7225-4BC6-B796-9FFE26F8779A}.Release|Any CPU.Build.0 = Release|Any CPU
	EndGlobalSection
	GlobalSection(SolutionProperties) = preSolution
		HideSolutionNode = FALSE
	EndGlobalSection
	GlobalSection(ExtensibilityGlobals) = postSolution
		SolutionGuid = {E94534A4-CC88-4D13-B0B1-D34845D8A7FD}
	EndGlobalSection
EndGlobal
